
Microsoft Visual Studio Solution File, Format Version 12.00
# Visual Studio Version 17
VisualStudioVersion = 17.7.34221.43
MinimumVisualStudioVersion = 10.0.40219.1
Project("{FAE04EC0-301F-11D3-BF4B-00C04F79EFBC}") = "API.FurnitureStore.API", "API.FurnitureStore.API\API.FurnitureStore.API.csproj", "{3554DF37-2EEB-41DF-AA5A-5564D85DC70F}"
EndProject
Project("{FAE04EC0-301F-11D3-BF4B-00C04F79EFBC}") = "API.FurnitureStore.shared", "API.FurnitureStore.shared\API.FurnitureStore.shared.csproj", "{BD9084DD-C7F8-4B04-8F4B-25ED9BF4CFDE}"
EndProject
Project("{FAE04EC0-301F-11D3-BF4B-00C04F79EFBC}") = "API.FurnitureStore.Data", "API.FurnitureStore.Data\API.FurnitureStore.Data.csproj", "{C8611577-638A-4101-A283-AF8C8DD2BEA4}"
EndProject
Global
	GlobalSection(SolutionConfigurationPlatforms) = preSolution
		Debug|Any CPU = Debug|Any CPU
		Release|Any CPU = Release|Any CPU
	EndGlobalSection
	GlobalSection(ProjectConfigurationPlatforms) = postSolution
		{3554DF37-2EEB-41DF-AA5A-5564D85DC70F}.Debug|Any CPU.ActiveCfg = Debug|Any CPU
		{3554DF37-2EEB-41DF-AA5A-5564D85DC70F}.Debug|Any CPU.Build.0 = Debug|Any CPU
		{3554DF37-2EEB-41DF-AA5A-5564D85DC70F}.Release|Any CPU.ActiveCfg = Release|Any CPU
		{3554DF37-2EEB-41DF-AA5A-5564D85DC70F}.Release|Any CPU.Build.0 = Release|Any CPU
		{BD9084DD-C7F8-4B04-8F4B-25ED9BF4CFDE}.Debug|Any CPU.ActiveCfg = Debug|Any CPU
		{BD9084DD-C7F8-4B04-8F4B-25ED9BF4CFDE}.Debug|Any CPU.Build.0 = Debug|Any CPU
		{BD9084DD-C7F8-4B04-8F4B-25ED9BF4CFDE}.Release|Any CPU.ActiveCfg = Release|Any CPU
		{BD9084DD-C7F8-4B04-8F4B-25ED9BF4CFDE}.Release|Any CPU.Build.0 = Release|Any CPU
		{C8611577-638A-4101-A283-AF8C8DD2BEA4}.Debug|Any CPU.ActiveCfg = Debug|Any CPU
		{C8611577-638A-4101-A283-AF8C8DD2BEA4}.Debug|Any CPU.Build.0 = Debug|Any CPU
		{C8611577-638A-4101-A283-AF8C8DD2BEA4}.Release|Any CPU.ActiveCfg = Release|Any CPU
		{C8611577-638A-4101-A283-AF8C8DD2BEA4}.Release|Any CPU.Build.0 = Release|Any CPU
	EndGlobalSection
	GlobalSection(SolutionProperties) = preSolution
		HideSolutionNode = FALSE
	EndGlobalSection
	GlobalSection(ExtensibilityGlobals) = postSolution
		SolutionGuid = {3FEBDE01-569A-4C8B-87B7-376A5E52451F}
	EndGlobalSection
EndGlobal
